
Microsoft Visual Studio Solution File, Format Version 12.00
# Visual Studio Version 16
VisualStudioVersion = 16.0.31702.278
MinimumVisualStudioVersion = 10.0.40219.1
Project("{FAE04EC0-301F-11D3-BF4B-00C04F79EFBC}") = "CSharpExamination.Methods", "CSharpExamination.Methods\CSharpExamination.Methods.csproj", "{37B86A32-D68F-4F12-B323-13B865850EBE}"
EndProject
Project("{FAE04EC0-301F-11D3-BF4B-00C04F79EFBC}") = "CSharpExamination.Tests", "CSharpExamination.Tests\CSharpExamination.Tests.csproj", "{1B1076E2-F875-42B5-9254-09E24A3279A7}"
	ProjectSection(ProjectDependencies) = postProject
		{37B86A32-D68F-4F12-B323-13B865850EBE} = {37B86A32-D68F-4F12-B323-13B865850EBE}
	EndProjectSection
EndProject
Global
	GlobalSection(SolutionConfigurationPlatforms) = preSolution
		Debug|Any CPU = Debug|Any CPU
		Release|Any CPU = Release|Any CPU
	EndGlobalSection
	GlobalSection(ProjectConfigurationPlatforms) = postSolution
		{37B86A32-D68F-4F12-B323-13B865850EBE}.Debug|Any CPU.ActiveCfg = Debug|Any CPU
		{37B86A32-D68F-4F12-B323-13B865850EBE}.Debug|Any CPU.Build.0 = Debug|Any CPU
		{37B86A32-D68F-4F12-B323-13B865850EBE}.Release|Any CPU.ActiveCfg = Release|Any CPU
		{37B86A32-D68F-4F12-B323-13B865850EBE}.Release|Any CPU.Build.0 = Release|Any CPU
		{1B1076E2-F875-42B5-9254-09E24A3279A7}.Debug|Any CPU.ActiveCfg = Debug|Any CPU
		{1B1076E2-F875-42B5-9254-09E24A3279A7}.Debug|Any CPU.Build.0 = Debug|Any CPU
		{1B1076E2-F875-42B5-9254-09E24A3279A7}.Release|Any CPU.ActiveCfg = Release|Any CPU
		{1B1076E2-F875-42B5-9254-09E24A3279A7}.Release|Any CPU.Build.0 = Release|Any CPU
	EndGlobalSection
	GlobalSection(SolutionProperties) = preSolution
		HideSolutionNode = FALSE
	EndGlobalSection
	GlobalSection(ExtensibilityGlobals) = postSolution
		SolutionGuid = {71D27D90-8B0E-44A1-B1DC-D27A151F599A}
	EndGlobalSection
EndGlobal
